// !$*UTF8*$!
{
	archiveVersion = 1;
	classes = {
	};
	objectVersion = 55;
	objects = {

/* Begin PBXBuildFile section */
		4798AEDE289EC5AB0002E33C /* AppDelegate.swift in Sources */ = {isa = PBXBuildFile; fileRef = 4798AEDD289EC5AB0002E33C /* AppDelegate.swift */; };
		4798AEE0289EC5AB0002E33C /* SceneDelegate.swift in Sources */ = {isa = PBXBuildFile; fileRef = 4798AEDF289EC5AB0002E33C /* SceneDelegate.swift */; };
		4798AEE2289EC5AB0002E33C /* ViewController.swift in Sources */ = {isa = PBXBuildFile; fileRef = 4798AEE1289EC5AB0002E33C /* ViewController.swift */; };
		4798AEE5289EC5AB0002E33C /* Main.storyboard in Resources */ = {isa = PBXBuildFile; fileRef = 4798AEE3289EC5AB0002E33C /* Main.storyboard */; };
		4798AEE7289EC5AC0002E33C /* Assets.xcassets in Resources */ = {isa = PBXBuildFile; fileRef = 4798AEE6289EC5AC0002E33C /* Assets.xcassets */; };
		4798AEEA289EC5AC0002E33C /* LaunchScreen.storyboard in Resources */ = {isa = PBXBuildFile; fileRef = 4798AEE8289EC5AC0002E33C /* LaunchScreen.storyboard */; };
		4798AEF5289EC5AD0002E33C /* Project2Tests.swift in Sources */ = {isa = PBXBuildFile; fileRef = 4798AEF4289EC5AD0002E33C /* Project2Tests.swift */; };
		4798AEFF289EC5AD0002E33C /* Project2UITests.swift in Sources */ = {isa = PBXBuildFile; fileRef = 4798AEFE289EC5AD0002E33C /* Project2UITests.swift */; };
		4798AF01289EC5AD0002E33C /* Project2UITestsLaunchTests.swift in Sources */ = {isa = PBXBuildFile; fileRef = 4798AF00289EC5AD0002E33C /* Project2UITestsLaunchTests.swift */; };
/* End PBXBuildFile section */

/* Begin PBXContainerItemProxy section */
		4798AEF1289EC5AD0002E33C /* PBXContainerItemProxy */ = {
			isa = PBXContainerItemProxy;
			containerPortal = 4798AED2289EC5AB0002E33C /* Project object */;
			proxyType = 1;
			remoteGlobalIDString = 4798AED9289EC5AB0002E33C;
			remoteInfo = Project2;
		};
		4798AEFB289EC5AD0002E33C /* PBXContainerItemProxy */ = {
			isa = PBXContainerItemProxy;
			containerPortal = 4798AED2289EC5AB0002E33C /* Project object */;
			proxyType = 1;
			remoteGlobalIDString = 4798AED9289EC5AB0002E33C;
			remoteInfo = Project2;
		};
/* End PBXContainerItemProxy section */

/* Begin PBXFileReference section */
		4798AEDA289EC5AB0002E33C /* Project2.app */ = {isa = PBXFileReference; explicitFileType = wrapper.application; includeInIndex = 0; path = Project2.app; sourceTree = BUILT_PRODUCTS_DIR; };
		4798AEDD289EC5AB0002E33C /* AppDelegate.swift */ = {isa = PBXFileReference; lastKnownFileType = sourcecode.swift; path = AppDelegate.swift; sourceTree = "<group>"; };
		4798AEDF289EC5AB0002E33C /* SceneDelegate.swift */ = {isa = PBXFileReference; lastKnownFileType = sourcecode.swift; path = SceneDelegate.swift; sourceTree = "<group>"; };
		4798AEE1289EC5AB0002E33C /* ViewController.swift */ = {isa = PBXFileReference; lastKnownFileType = sourcecode.swift; path = ViewController.swift; sourceTree = "<group>"; };
		4798AEE4289EC5AB0002E33C /* Base */ = {isa = PBXFileReference; lastKnownFileType = file.storyboard; name = Base; path = Base.lproj/Main.storyboard; sourceTree = "<group>"; };
		4798AEE6289EC5AC0002E33C /* Assets.xcassets */ = {isa = PBXFileReference; lastKnownFileType = folder.assetcatalog; path = Assets.xcassets; sourceTree = "<group>"; };
		4798AEE9289EC5AC0002E33C /* Base */ = {isa = PBXFileReference; lastKnownFileType = file.storyboard; name = Base; path = Base.lproj/LaunchScreen.storyboard; sourceTree = "<group>"; };
		4798AEEB289EC5AC0002E33C /* Info.plist */ = {isa = PBXFileReference; lastKnownFileType = text.plist.xml; path = Info.plist; sourceTree = "<group>"; };
		4798AEF0289EC5AD0002E33C /* Project2Tests.xctest */ = {isa = PBXFileReference; explicitFileType = wrapper.cfbundle; includeInIndex = 0; path = Project2Tests.xctest; sourceTree = BUILT_PRODUCTS_DIR; };
		4798AEF4289EC5AD0002E33C /* Project2Tests.swift */ = {isa = PBXFileReference; lastKnownFileType = sourcecode.swift; path = Project2Tests.swift; sourceTree = "<group>"; };
		4798AEFA289EC5AD0002E33C /* Project2UITests.xctest */ = {isa = PBXFileReference; explicitFileType = wrapper.cfbundle; includeInIndex = 0; path = Project2UITests.xctest; sourceTree = BUILT_PRODUCTS_DIR; };
		4798AEFE289EC5AD0002E33C /* Project2UITests.swift */ = {isa = PBXFileReference; lastKnownFileType = sourcecode.swift; path = Project2UITests.swift; sourceTree = "<group>"; };
		4798AF00289EC5AD0002E33C /* Project2UITestsLaunchTests.swift */ = {isa = PBXFileReference; lastKnownFileType = sourcecode.swift; path = Project2UITestsLaunchTests.swift; sourceTree = "<group>"; };
/* End PBXFileReference section */

/* Begin PBXFrameworksBuildPhase section */
		4798AED7289EC5AB0002E33C /* Frameworks */ = {
			isa = PBXFrameworksBuildPhase;
			buildActionMask = 2147483647;
			files = (
			);
			runOnlyForDeploymentPostprocessing = 0;
		};
		4798AEED289EC5AD0002E33C /* Frameworks */ = {
			isa = PBXFrameworksBuildPhase;
			buildActionMask = 2147483647;
			files = (
			);
			runOnlyForDeploymentPostprocessing = 0;
		};
		4798AEF7289EC5AD0002E33C /* Frameworks */ = {
			isa = PBXFrameworksBuildPhase;
			buildActionMask = 2147483647;
			files = (
			);
			runOnlyForDeploymentPostprocessing = 0;
		};
/* End PBXFrameworksBuildPhase section */

/* Begin PBXGroup section */
		4798AED1289EC5AB0002E33C = {
			isa = PBXGroup;
			children = (
				4798AEDC289EC5AB0002E33C /* Project2 */,
				4798AEF3289EC5AD0002E33C /* Project2Tests */,
				4798AEFD289EC5AD0002E33C /* Project2UITests */,
				4798AEDB289EC5AB0002E33C /* Products */,
			);
			sourceTree = "<group>";
		};
		4798AEDB289EC5AB0002E33C /* Products */ = {
			isa = PBXGroup;
			children = (
				4798AEDA289EC5AB0002E33C /* Project2.app */,
				4798AEF0289EC5AD0002E33C /* Project2Tests.xctest */,
				4798AEFA289EC5AD0002E33C /* Project2UITests.xctest */,
			);
			name = Products;
			sourceTree = "<group>";
		};
		4798AEDC289EC5AB0002E33C /* Project2 */ = {
			isa = PBXGroup;
			children = (
				4798AEDD289EC5AB0002E33C /* AppDelegate.swift */,
				4798AEDF289EC5AB0002E33C /* SceneDelegate.swift */,
				4798AEE1289EC5AB0002E33C /* ViewController.swift */,
				4798AEE3289EC5AB0002E33C /* Main.storyboard */,
				4798AEE6289EC5AC0002E33C /* Assets.xcassets */,
				4798AEE8289EC5AC0002E33C /* LaunchScreen.storyboard */,
				4798AEEB289EC5AC0002E33C /* Info.plist */,
			);
			path = Project2;
			sourceTree = "<group>";
		};
		4798AEF3289EC5AD0002E33C /* Project2Tests */ = {
			isa = PBXGroup;
			children = (
				4798AEF4289EC5AD0002E33C /* Project2Tests.swift */,
			);
			path = Project2Tests;
			sourceTree = "<group>";
		};
		4798AEFD289EC5AD0002E33C /* Project2UITests */ = {
			isa = PBXGroup;
			children = (
				4798AEFE289EC5AD0002E33C /* Project2UITests.swift */,
				4798AF00289EC5AD0002E33C /* Project2UITestsLaunchTests.swift */,
			);
			path = Project2UITests;
			sourceTree = "<group>";
		};
/* End PBXGroup section */

/* Begin PBXNativeTarget section */
		4798AED9289EC5AB0002E33C /* Project2 */ = {
			isa = PBXNativeTarget;
			buildConfigurationList = 4798AF04289EC5AD0002E33C /* Build configuration list for PBXNativeTarget "Project2" */;
			buildPhases = (
				4798AED6289EC5AB0002E33C /* Sources */,
				4798AED7289EC5AB0002E33C /* Frameworks */,
				4798AED8289EC5AB0002E33C /* Resources */,
			);
			buildRules = (
			);
			dependencies = (
			);
			name = Project2;
			productName = Project2;
			productReference = 4798AEDA289EC5AB0002E33C /* Project2.app */;
			productType = "com.apple.product-type.application";
		};
		4798AEEF289EC5AD0002E33C /* Project2Tests */ = {
			isa = PBXNativeTarget;
			buildConfigurationList = 4798AF07289EC5AD0002E33C /* Build configuration list for PBXNativeTarget "Project2Tests" */;
			buildPhases = (
				4798AEEC289EC5AD0002E33C /* Sources */,
				4798AEED289EC5AD0002E33C /* Frameworks */,
				4798AEEE289EC5AD0002E33C /* Resources */,
			);
			buildRules = (
			);
			dependencies = (
				4798AEF2289EC5AD0002E33C /* PBXTargetDependency */,
			);
			name = Project2Tests;
			productName = Project2Tests;
			productReference = 4798AEF0289EC5AD0002E33C /* Project2Tests.xctest */;
			productType = "com.apple.product-type.bundle.unit-test";
		};
		4798AEF9289EC5AD0002E33C /* Project2UITests */ = {
			isa = PBXNativeTarget;
			buildConfigurationList = 4798AF0A289EC5AD0002E33C /* Build configuration list for PBXNativeTarget "Project2UITests" */;
			buildPhases = (
				4798AEF6289EC5AD0002E33C /* Sources */,
				4798AEF7289EC5AD0002E33C /* Frameworks */,
				4798AEF8289EC5AD0002E33C /* Resources */,
			);
			buildRules = (
			);
			dependencies = (
				4798AEFC289EC5AD0002E33C /* PBXTargetDependency */,
			);
			name = Project2UITests;
			productName = Project2UITests;
			productReference = 4798AEFA289EC5AD0002E33C /* Project2UITests.xctest */;
			productType = "com.apple.product-type.bundle.ui-testing";
		};
/* End PBXNativeTarget section */

/* Begin PBXProject section */
		4798AED2289EC5AB0002E33C /* Project object */ = {
			isa = PBXProject;
			attributes = {
				BuildIndependentTargetsInParallel = 1;
				LastSwiftUpdateCheck = 1340;
				LastUpgradeCheck = 1340;
				TargetAttributes = {
					4798AED9289EC5AB0002E33C = {
						CreatedOnToolsVersion = 13.4.1;
					};
					4798AEEF289EC5AD0002E33C = {
						CreatedOnToolsVersion = 13.4.1;
						TestTargetID = 4798AED9289EC5AB0002E33C;
					};
					4798AEF9289EC5AD0002E33C = {
						CreatedOnToolsVersion = 13.4.1;
						TestTargetID = 4798AED9289EC5AB0002E33C;
					};
				};
			};
			buildConfigurationList = 4798AED5289EC5AB0002E33C /* Build configuration list for PBXProject "Project2" */;
			compatibilityVersion = "Xcode 13.0";
			developmentRegion = en;
			hasScannedForEncodings = 0;
			knownRegions = (
				en,
				Base,
			);
			mainGroup = 4798AED1289EC5AB0002E33C;
			productRefGroup = 4798AEDB289EC5AB0002E33C /* Products */;
			projectDirPath = "";
			projectRoot = "";
			targets = (
				4798AED9289EC5AB0002E33C /* Project2 */,
				4798AEEF289EC5AD0002E33C /* Project2Tests */,
				4798AEF9289EC5AD0002E33C /* Project2UITests */,
			);
		};
/* End PBXProject section */

/* Begin PBXResourcesBuildPhase section */
		4798AED8289EC5AB0002E33C /* Resources */ = {
			isa = PBXResourcesBuildPhase;
			buildActionMask = 2147483647;
			files = (
				4798AEEA289EC5AC0002E33C /* LaunchScreen.storyboard in Resources */,
				4798AEE7289EC5AC0002E33C /* Assets.xcassets in Resources */,
				4798AEE5289EC5AB0002E33C /* Main.storyboard in Resources */,
			);
			runOnlyForDeploymentPostprocessing = 0;
		};
		4798AEEE289EC5AD0002E33C /* Resources */ = {
			isa = PBXResourcesBuildPhase;
			buildActionMask = 2147483647;
			files = (
			);
			runOnlyForDeploymentPostprocessing = 0;
		};
		4798AEF8289EC5AD0002E33C /* Resources */ = {
			isa = PBXResourcesBuildPhase;
			buildActionMask = 2147483647;
			files = (
			);
			runOnlyForDeploymentPostprocessing = 0;
		};
/* End PBXResourcesBuildPhase section */

/* Begin PBXSourcesBuildPhase section */
		4798AED6289EC5AB0002E33C /* Sources */ = {
			isa = PBXSourcesBuildPhase;
			buildActionMask = 2147483647;
			files = (
				4798AEE2289EC5AB0002E33C /* ViewController.swift in Sources */,
				4798AEDE289EC5AB0002E33C /* AppDelegate.swift in Sources */,
				4798AEE0289EC5AB0002E33C /* SceneDelegate.swift in Sources */,
			);
			runOnlyForDeploymentPostprocessing = 0;
		};
		4798AEEC289EC5AD0002E33C /* Sources */ = {
			isa = PBXSourcesBuildPhase;
			buildActionMask = 2147483647;
			files = (
				4798AEF5289EC5AD0002E33C /* Project2Tests.swift in Sources */,
			);
			runOnlyForDeploymentPostprocessing = 0;
		};
		4798AEF6289EC5AD0002E33C /* Sources */ = {
			isa = PBXSourcesBuildPhase;
			buildActionMask = 2147483647;
			files = (
				4798AF01289EC5AD0002E33C /* Project2UITestsLaunchTests.swift in Sources */,
				4798AEFF289EC5AD0002E33C /* Project2UITests.swift in Sources */,
			);
			runOnlyForDeploymentPostprocessing = 0;
		};
/* End PBXSourcesBuildPhase section */

/* Begin PBXTargetDependency section */
		4798AEF2289EC5AD0002E33C /* PBXTargetDependency */ = {
			isa = PBXTargetDependency;
			target = 4798AED9289EC5AB0002E33C /* Project2 */;
			targetProxy = 4798AEF1289EC5AD0002E33C /* PBXContainerItemProxy */;
		};
		4798AEFC289EC5AD0002E33C /* PBXTargetDependency */ = {
			isa = PBXTargetDependency;
			target = 4798AED9289EC5AB0002E33C /* Project2 */;
			targetProxy = 4798AEFB289EC5AD0002E33C /* PBXContainerItemProxy */;
		};
/* End PBXTargetDependency section */

/* Begin PBXVariantGroup section */
		4798AEE3289EC5AB0002E33C /* Main.storyboard */ = {
			isa = PBXVariantGroup;
			children = (
				4798AEE4289EC5AB0002E33C /* Base */,
			);
			name = Main.storyboard;
			sourceTree = "<group>";
		};
		4798AEE8289EC5AC0002E33C /* LaunchScreen.storyboard */ = {
			isa = PBXVariantGroup;
			children = (
				4798AEE9289EC5AC0002E33C /* Base */,
			);
			name = LaunchScreen.storyboard;
			sourceTree = "<group>";
		};
/* End PBXVariantGroup section */

/* Begin XCBuildConfiguration section */
		4798AF02289EC5AD0002E33C /* Debug */ = {
			isa = XCBuildConfiguration;
			buildSettings = {
				ALWAYS_SEARCH_USER_PATHS = NO;
				CLANG_ANALYZER_NONNULL = YES;
				CLANG_ANALYZER_NUMBER_OBJECT_CONVERSION = YES_AGGRESSIVE;
				CLANG_CXX_LANGUAGE_STANDARD = "gnu++17";
				CLANG_ENABLE_MODULES = YES;
				CLANG_ENABLE_OBJC_ARC = YES;
				CLANG_ENABLE_OBJC_WEAK = YES;
				CLANG_WARN_BLOCK_CAPTURE_AUTORELEASING = YES;
				CLANG_WARN_BOOL_CONVERSION = YES;
				CLANG_WARN_COMMA = YES;
				CLANG_WARN_CONSTANT_CONVERSION = YES;
				CLANG_WARN_DEPRECATED_OBJC_IMPLEMENTATIONS = YES;
				CLANG_WARN_DIRECT_OBJC_ISA_USAGE = YES_ERROR;
				CLANG_WARN_DOCUMENTATION_COMMENTS = YES;
				CLANG_WARN_EMPTY_BODY = YES;
				CLANG_WARN_ENUM_CONVERSION = YES;
				CLANG_WARN_INFINITE_RECURSION = YES;
				CLANG_WARN_INT_CONVERSION = YES;
				CLANG_WARN_NON_LITERAL_NULL_CONVERSION = YES;
				CLANG_WARN_OBJC_IMPLICIT_RETAIN_SELF = YES;
				CLANG_WARN_OBJC_LITERAL_CONVERSION = YES;
				CLANG_WARN_OBJC_ROOT_CLASS = YES_ERROR;
				CLANG_WARN_QUOTED_INCLUDE_IN_FRAMEWORK_HEADER = YES;
				CLANG_WARN_RANGE_LOOP_ANALYSIS = YES;
				CLANG_WARN_STRICT_PROTOTYPES = YES;
				CLANG_WARN_SUSPICIOUS_MOVE = YES;
				CLANG_WARN_UNGUARDED_AVAILABILITY = YES_AGGRESSIVE;
				CLANG_WARN_UNREACHABLE_CODE = YES;
				CLANG_WARN__DUPLICATE_METHOD_MATCH = YES;
				COPY_PHASE_STRIP = NO;
				DEBUG_INFORMATION_FORMAT = dwarf;
				ENABLE_STRICT_OBJC_MSGSEND = YES;
				ENABLE_TESTABILITY = YES;
				GCC_C_LANGUAGE_STANDARD = gnu11;
				GCC_DYNAMIC_NO_PIC = NO;
				GCC_NO_COMMON_BLOCKS = YES;
				GCC_OPTIMIZATION_LEVEL = 0;
				GCC_PREPROCESSOR_DEFINITIONS = (
					"DEBUG=1",
					"$(inherited)",
				);
				GCC_WARN_64_TO_32_BIT_CONVERSION = YES;
				GCC_WARN_ABOUT_RETURN_TYPE = YES_ERROR;
				GCC_WARN_UNDECLARED_SELECTOR = YES;
				GCC_WARN_UNINITIALIZED_AUTOS = YES_AGGRESSIVE;
				GCC_WARN_UNUSED_FUNCTION = YES;
				GCC_WARN_UNUSED_VARIABLE = YES;
				IPHONEOS_DEPLOYMENT_TARGET = 15.5;
				MTL_ENABLE_DEBUG_INFO = INCLUDE_SOURCE;
				MTL_FAST_MATH = YES;
				ONLY_ACTIVE_ARCH = YES;
				SDKROOT = iphoneos;
				SWIFT_ACTIVE_COMPILATION_CONDITIONS = DEBUG;
				SWIFT_OPTIMIZATION_LEVEL = "-Onone";
			};
			name = Debug;
		};
		4798AF03289EC5AD0002E33C /* Release */ = {
			isa = XCBuildConfiguration;
			buildSettings = {
				ALWAYS_SEARCH_USER_PATHS = NO;
				CLANG_ANALYZER_NONNULL = YES;
				CLANG_ANALYZER_NUMBER_OBJECT_CONVERSION = YES_AGGRESSIVE;
				CLANG_CXX_LANGUAGE_STANDARD = "gnu++17";
				CLANG_ENABLE_MODULES = YES;
				CLANG_ENABLE_OBJC_ARC = YES;
				CLANG_ENABLE_OBJC_WEAK = YES;
				CLANG_WARN_BLOCK_CAPTURE_AUTORELEASING = YES;
				CLANG_WARN_BOOL_CONVERSION = YES;
				CLANG_WARN_COMMA = YES;
				CLANG_WARN_CONSTANT_CONVERSION = YES;
				CLANG_WARN_DEPRECATED_OBJC_IMPLEMENTATIONS = YES;
				CLANG_WARN_DIRECT_OBJC_ISA_USAGE = YES_ERROR;
				CLANG_WARN_DOCUMENTATION_COMMENTS = YES;
				CLANG_WARN_EMPTY_BODY = YES;
				CLANG_WARN_ENUM_CONVERSION = YES;
				CLANG_WARN_INFINITE_RECURSION = YES;
				CLANG_WARN_INT_CONVERSION = YES;
				CLANG_WARN_NON_LITERAL_NULL_CONVERSION = YES;
				CLANG_WARN_OBJC_IMPLICIT_RETAIN_SELF = YES;
				CLANG_WARN_OBJC_LITERAL_CONVERSION = YES;
				CLANG_WARN_OBJC_ROOT_CLASS = YES_ERROR;
				CLANG_WARN_QUOTED_INCLUDE_IN_FRAMEWORK_HEADER = YES;
				CLANG_WARN_RANGE_LOOP_ANALYSIS = YES;
				CLANG_WARN_STRICT_PROTOTYPES = YES;
				CLANG_WARN_SUSPICIOUS_MOVE = YES;
				CLANG_WARN_UNGUARDED_AVAILABILITY = YES_AGGRESSIVE;
				CLANG_WARN_UNREACHABLE_CODE = YES;
				CLANG_WARN__DUPLICATE_METHOD_MATCH = YES;
				COPY_PHASE_STRIP = NO;
				DEBUG_INFORMATION_FORMAT = "dwarf-with-dsym";
				ENABLE_NS_ASSERTIONS = NO;
				ENABLE_STRICT_OBJC_MSGSEND = YES;
				GCC_C_LANGUAGE_STANDARD = gnu11;
				GCC_NO_COMMON_BLOCKS = YES;
				GCC_WARN_64_TO_32_BIT_CONVERSION = YES;
				GCC_WARN_ABOUT_RETURN_TYPE = YES_ERROR;
				GCC_WARN_UNDECLARED_SELECTOR = YES;
				GCC_WARN_UNINITIALIZED_AUTOS = YES_AGGRESSIVE;
				GCC_WARN_UNUSED_FUNCTION = YES;
				GCC_WARN_UNUSED_VARIABLE = YES;
				IPHONEOS_DEPLOYMENT_TARGET = 15.5;
				MTL_ENABLE_DEBUG_INFO = NO;
				MTL_FAST_MATH = YES;
				SDKROOT = iphoneos;
				SWIFT_COMPILATION_MODE = wholemodule;
				SWIFT_OPTIMIZATION_LEVEL = "-O";
				VALIDATE_PRODUCT = YES;
			};
			name = Release;
		};
		4798AF05289EC5AD0002E33C /* Debug */ = {
			isa = XCBuildConfiguration;
			buildSettings = {
				ASSETCATALOG_COMPILER_APPICON_NAME = AppIcon;
				ASSETCATALOG_COMPILER_GLOBAL_ACCENT_COLOR_NAME = AccentColor;
				CODE_SIGN_STYLE = Automatic;
				CURRENT_PROJECT_VERSION = 1;
				GENERATE_INFOPLIST_FILE = YES;
				INFOPLIST_FILE = Project2/Info.plist;
				INFOPLIST_KEY_UIApplicationSupportsIndirectInputEvents = YES;
				INFOPLIST_KEY_UILaunchStoryboardName = LaunchScreen;
				INFOPLIST_KEY_UIMainStoryboardFile = Main;
				INFOPLIST_KEY_UISupportedInterfaceOrientations = "UIInterfaceOrientationPortrait UIInterfaceOrientationLandscapeRight UIInterfaceOrientationLandscapeLeft";
				INFOPLIST_KEY_UISupportedInterfaceOrientations_iPad = "UIInterfaceOrientationPortrait UIInterfaceOrientationPortraitUpsideDown UIInterfaceOrientationLandscapeLeft UIInterfaceOrientationLandscapeRight";
				INFOPLIST_KEY_UISupportedInterfaceOrientations_iPhone = "UIInterfaceOrientationPortrait UIInterfaceOrientationLandscapeLeft UIInterfaceOrientationLandscapeRight";
				LD_RUNPATH_SEARCH_PATHS = (
					"$(inherited)",
					"@executable_path/Frameworks",
				);
				MARKETING_VERSION = 1.0;
				PRODUCT_BUNDLE_IDENTIFIER = Matko.Project2;
				PRODUCT_NAME = "$(TARGET_NAME)";
				SWIFT_EMIT_LOC_STRINGS = YES;
				SWIFT_VERSION = 5.0;
				TARGETED_DEVICE_FAMILY = "1,2";
			};
			name = Debug;
		};
		4798AF06289EC5AD0002E33C /* Release */ = {
			isa = XCBuildConfiguration;
			buildSettings = {
				ASSETCATALOG_COMPILER_APPICON_NAME = AppIcon;
				ASSETCATALOG_COMPILER_GLOBAL_ACCENT_COLOR_NAME = AccentColor;
				CODE_SIGN_STYLE = Automatic;
				CURRENT_PROJECT_VERSION = 1;
				GENERATE_INFOPLIST_FILE = YES;
				INFOPLIST_FILE = Project2/Info.plist;
				INFOPLIST_KEY_UIApplicationSupportsIndirectInputEvents = YES;
				INFOPLIST_KEY_UILaunchStoryboardName = LaunchScreen;
				INFOPLIST_KEY_UIMainStoryboardFile = Main;
				INFOPLIST_KEY_UISupportedInterfaceOrientations = "UIInterfaceOrientationPortrait UIInterfaceOrientationLandscapeRight UIInterfaceOrientationLandscapeLeft";
				INFOPLIST_KEY_UISupportedInterfaceOrientations_iPad = "UIInterfaceOrientationPortrait UIInterfaceOrientationPortraitUpsideDown UIInterfaceOrientationLandscapeLeft UIInterfaceOrientationLandscapeRight";
				INFOPLIST_KEY_UISupportedInterfaceOrientations_iPhone = "UIInterfaceOrientationPortrait UIInterfaceOrientationLandscapeLeft UIInterfaceOrientationLandscapeRight";
				LD_RUNPATH_SEARCH_PATHS = (
					"$(inherited)",
					"@executable_path/Frameworks",
				);
				MARKETING_VERSION = 1.0;
				PRODUCT_BUNDLE_IDENTIFIER = Matko.Project2;
				PRODUCT_NAME = "$(TARGET_NAME)";
				SWIFT_EMIT_LOC_STRINGS = YES;
				SWIFT_VERSION = 5.0;
				TARGETED_DEVICE_FAMILY = "1,2";
			};
			name = Release;
		};
		4798AF08289EC5AD0002E33C /* Debug */ = {
			isa = XCBuildConfiguration;
			buildSettings = {
				ALWAYS_EMBED_SWIFT_STANDARD_LIBRARIES = YES;
				BUNDLE_LOADER = "$(TEST_HOST)";
				CODE_SIGN_STYLE = Automatic;
				CURRENT_PROJECT_VERSION = 1;
				GENERATE_INFOPLIST_FILE = YES;
				IPHONEOS_DEPLOYMENT_TARGET = 15.5;
				MARKETING_VERSION = 1.0;
				PRODUCT_BUNDLE_IDENTIFIER = Matko.Project2Tests;
				PRODUCT_NAME = "$(TARGET_NAME)";
				SWIFT_EMIT_LOC_STRINGS = NO;
				SWIFT_VERSION = 5.0;
				TARGETED_DEVICE_FAMILY = "1,2";
				TEST_HOST = "$(BUILT_PRODUCTS_DIR)/Project2.app/Project2";
			};
			name = Debug;
		};
		4798AF09289EC5AD0002E33C /* Release */ = {
			isa = XCBuildConfiguration;
			buildSettings = {
				ALWAYS_EMBED_SWIFT_STANDARD_LIBRARIES = YES;
				BUNDLE_LOADER = "$(TEST_HOST)";
				CODE_SIGN_STYLE = Automatic;
				CURRENT_PROJECT_VERSION = 1;
				GENERATE_INFOPLIST_FILE = YES;
				IPHONEOS_DEPLOYMENT_TARGET = 15.5;
				MARKETING_VERSION = 1.0;
				PRODUCT_BUNDLE_IDENTIFIER = Matko.Project2Tests;
				PRODUCT_NAME = "$(TARGET_NAME)";
				SWIFT_EMIT_LOC_STRINGS = NO;
				SWIFT_VERSION = 5.0;
				TARGETED_DEVICE_FAMILY = "1,2";
				TEST_HOST = "$(BUILT_PRODUCTS_DIR)/Project2.app/Project2";
			};
			name = Release;
		};
		4798AF0B289EC5AD0002E33C /* Debug */ = {
			isa = XCBuildConfiguration;
			buildSettings = {
				ALWAYS_EMBED_SWIFT_STANDARD_LIBRARIES = YES;
				CODE_SIGN_STYLE = Automatic;
				CURRENT_PROJECT_VERSION = 1;
				GENERATE_INFOPLIST_FILE = YES;
				MARKETING_VERSION = 1.0;
				PRODUCT_BUNDLE_IDENTIFIER = Matko.Project2UITests;
				PRODUCT_NAME = "$(TARGET_NAME)";
				SWIFT_EMIT_LOC_STRINGS = NO;
				SWIFT_VERSION = 5.0;
				TARGETED_DEVICE_FAMILY = "1,2";
				TEST_TARGET_NAME = Project2;
			};
			name = Debug;
		};
		4798AF0C289EC5AD0002E33C /* Release */ = {
			isa = XCBuildConfiguration;
			buildSettings = {
				ALWAYS_EMBED_SWIFT_STANDARD_LIBRARIES = YES;
				CODE_SIGN_STYLE = Automatic;
				CURRENT_PROJECT_VERSION = 1;
				GENERATE_INFOPLIST_FILE = YES;
				MARKETING_VERSION = 1.0;
				PRODUCT_BUNDLE_IDENTIFIER = Matko.Project2UITests;
				PRODUCT_NAME = "$(TARGET_NAME)";
				SWIFT_EMIT_LOC_STRINGS = NO;
				SWIFT_VERSION = 5.0;
				TARGETED_DEVICE_FAMILY = "1,2";
				TEST_TARGET_NAME = Project2;
			};
			name = Release;
		};
/* End XCBuildConfiguration section */

/* Begin XCConfigurationList section */
		4798AED5289EC5AB0002E33C /* Build configuration list for PBXProject "Project2" */ = {
			isa = XCConfigurationList;
			buildConfigurations = (
				4798AF02289EC5AD0002E33C /* Debug */,
				4798AF03289EC5AD0002E33C /* Release */,
			);
			defaultConfigurationIsVisible = 0;
			defaultConfigurationName = Release;
		};
		4798AF04289EC5AD0002E33C /* Build configuration list for PBXNativeTarget "Project2" */ = {
			isa = XCConfigurationList;
			buildConfigurations = (
				4798AF05289EC5AD0002E33C /* Debug */,
				4798AF06289EC5AD0002E33C /* Release */,
			);
			defaultConfigurationIsVisible = 0;
			defaultConfigurationName = Release;
		};
		4798AF07289EC5AD0002E33C /* Build configuration list for PBXNativeTarget "Project2Tests" */ = {
			isa = XCConfigurationList;
			buildConfigurations = (
				4798AF08289EC5AD0002E33C /* Debug */,
				4798AF09289EC5AD0002E33C /* Release */,
			);
			defaultConfigurationIsVisible = 0;
			defaultConfigurationName = Release;
		};
		4798AF0A289EC5AD0002E33C /* Build configuration list for PBXNativeTarget "Project2UITests" */ = {
			isa = XCConfigurationList;
			buildConfigurations = (
				4798AF0B289EC5AD0002E33C /* Debug */,
				4798AF0C289EC5AD0002E33C /* Release */,
			);
			defaultConfigurationIsVisible = 0;
			defaultConfigurationName = Release;
		};
/* End XCConfigurationList section */
	};
	rootObject = 4798AED2289EC5AB0002E33C /* Project object */;
}
